<?xml version="1.0" encoding="utf-8"?>
<Project ToolsVersion="4.0" xmlns="http://schemas.microsoft.com/developer/msbuild/2003">
  <ItemGroup>
    <Filter Include="App">
      <UniqueIdentifier>{4FC737F1-C7A5-4376-A066-2A32D752A2FF}</UniqueIdentifier>
    </Filter>
    <Filter Include="Audio">
      <UniqueIdentifier>{7a597a7e-f637-4581-8b20-f70918c0c16b}</UniqueIdentifier>
    </Filter>
    <Filter Include="Audio\Processing">
      <UniqueIdentifier>{b1c35b80-cd23-4554-b580-b2d992d9d96c}</UniqueIdentifier>
    </Filter>
    <Filter Include="Audio\Capture">
      <UniqueIdentifier>{f36306fe-f2d4-406a-a550-9ec80242207b}</UniqueIdentifier>
    </Filter>
    <Filter Include="Graphics">
      <UniqueIdentifier>{6d01e6a5-d032-4be0-ba30-744d08268182}</UniqueIdentifier>
    </Filter>
    <Filter Include="Platform">
      <UniqueIdentifier>{92b45025-a744-4638-8a8b-302a832c694a}</UniqueIdentifier>
    </Filter>
    <Filter Include="UI">
      <UniqueIdentifier>{0c98c43c-eda3-4f0e-804e-fa45130c3e73}</UniqueIdentifier>
    </Filter>
    <Filter Include="Common">
      <UniqueIdentifier>{93995380-89BD-4b04-88EB-625FBE52EBFB}</UniqueIdentifier>
    </Filter>
    <Filter Include="Project Files">
      <UniqueIdentifier>{67DA6AB6-F800-4c08-8B7A-83BB121AAD01}</UniqueIdentifier>
    </Filter>
    <Filter Include="Audio\Sources">
      <UniqueIdentifier>{e7a61504-8bf0-4738-9e2c-47fd96855602}</UniqueIdentifier>
    </Filter>
    <Filter Include="Graphics\API">
      <UniqueIdentifier>{1239c239-129f-41f9-9f62-3fa5d99a3306}</UniqueIdentifier>
    </Filter>
    <Filter Include="Graphics\API\Core">
      <UniqueIdentifier>{f60cd035-8c86-4eaf-bbb1-585bdd15d21b}</UniqueIdentifier>
    </Filter>
    <Filter Include="Graphics\API\Renderers">
      <UniqueIdentifier>{7b6246fc-7e73-4650-9a21-33ecc353b787}</UniqueIdentifier>
    </Filter>
    <Filter Include="Graphics\Base">
      <UniqueIdentifier>{bc39d05e-b8ed-421c-a5cb-ab6e291d5eb0}</UniqueIdentifier>
    </Filter>
    <Filter Include="Graphics\Visualizers">
      <UniqueIdentifier>{4ed6eb12-70b9-4de9-b223-38e5e7834543}</UniqueIdentifier>
    </Filter>
    <Filter Include="Resources">
      <UniqueIdentifier>{4bb54b4a-8034-40f7-b62b-df9db918dbc8}</UniqueIdentifier>
    </Filter>
  </ItemGroup>
  <ItemGroup>
    <ClCompile Include="Application.cpp">
      <Filter>App</Filter>
    </ClCompile>
    <ClCompile Include="ControllerCore.cpp">
      <Filter>App</Filter>
    </ClCompile>
    <ClCompile Include="AudioCapture.cpp">
      <Filter>Audio\Capture</Filter>
    </ClCompile>
    <ClCompile Include="AudioCaptureEngine.cpp">
      <Filter>Audio\Capture</Filter>
    </ClCompile>
    <ClCompile Include="WASAPIHelper.cpp">
      <Filter>Audio\Capture</Filter>
    </ClCompile>
    <ClCompile Include="FFTProcessor.cpp">
      <Filter>Audio\Processing</Filter>
    </ClCompile>
    <ClCompile Include="FrequencyMapper.cpp">
      <Filter>Audio\Processing</Filter>
    </ClCompile>
    <ClCompile Include="SpectrumAnalyzer.cpp">
      <Filter>Audio\Processing</Filter>
    </ClCompile>
    <ClCompile Include="SpectrumPostProcessor.cpp">
      <Filter>Audio\Processing</Filter>
    </ClCompile>
    <ClCompile Include="AudioManager.cpp">
      <Filter>Audio</Filter>
    </ClCompile>
    <ClCompile Include="BarsRenderer.cpp">
      <Filter>Graphics\Visualizers</Filter>
    </ClCompile>
    <ClCompile Include="CircularWaveRenderer.cpp">
      <Filter>Graphics\Visualizers</Filter>
    </ClCompile>
    <ClCompile Include="CubesRenderer.cpp">
      <Filter>Graphics\Visualizers</Filter>
    </ClCompile>
    <ClCompile Include="FireRenderer.cpp">
      <Filter>Graphics\Visualizers</Filter>
    </ClCompile>
    <ClCompile Include="LedPanelRenderer.cpp">
      <Filter>Graphics\Visualizers</Filter>
    </ClCompile>
    <ClCompile Include="WaveRenderer.cpp">
      <Filter>Graphics\Visualizers</Filter>
    </ClCompile>
    <ClCompile Include="RendererManager.cpp">
      <Filter>Graphics</Filter>
    </ClCompile>
    <ClCompile Include="MainWindow.cpp">
      <Filter>Platform</Filter>
    </ClCompile>
    <ClCompile Include="WindowHelper.cpp">
      <Filter>Platform</Filter>
    </ClCompile>
    <ClCompile Include="WindowManager.cpp">
      <Filter>Platform</Filter>
    </ClCompile>
    <ClCompile Include="InputManager.cpp">
      <Filter>Platform</Filter>
    </ClCompile>
    <ClCompile Include="ColorPicker.cpp">
      <Filter>UI</Filter>
    </ClCompile>
    <ClCompile Include="UIManager.cpp">
      <Filter>UI</Filter>
    </ClCompile>
    <ClCompile Include="RealtimeAudioSource.cpp">
      <Filter>Audio\Sources</Filter>
    </ClCompile>
    <ClCompile Include="AnimatedAudioSource.cpp">
      <Filter>Audio\Sources</Filter>
    </ClCompile>
    <ClCompile Include="BaseRenderer.cpp">
      <Filter>Graphics\Base</Filter>
    </ClCompile>
    <ClCompile Include="RenderUtils.cpp">
      <Filter>Graphics\Base</Filter>
    </ClCompile>
    <ClCompile Include="GaugeRenderer.cpp">
      <Filter>Graphics\Visualizers</Filter>
    </ClCompile>
    <ClCompile Include="KenwoodBarsRenderer.cpp">
      <Filter>Graphics\Visualizers</Filter>
    </ClCompile>
    <ClCompile Include="ResourceCache.cpp">
      <Filter>Graphics\API\Core</Filter>
    </ClCompile>
    <ClCompile Include="GraphicsContext.cpp">
      <Filter>Graphics\API\Core</Filter>
    </ClCompile>
    <ClCompile Include="TransformManager.cpp">
      <Filter>Graphics\API\Core</Filter>
    </ClCompile>
    <ClCompile Include="GradientRenderer.cpp">
      <Filter>Graphics\API\Renderers</Filter>
    </ClCompile>
    <ClCompile Include="PrimitiveRenderer.cpp">
      <Filter>Graphics\API\Renderers</Filter>
    </ClCompile>
    <ClCompile Include="SpectrumRenderer.cpp">
      <Filter>Graphics\API\Renderers</Filter>
    </ClCompile>
    <ClCompile Include="TextRenderer.cpp">
      <Filter>Graphics\API\Renderers</Filter>
    </ClCompile>
    <ClCompile Include="EffectsRenderer.cpp">
      <Filter>Graphics\API\Renderers</Filter>
    </ClCompile>
    <ClCompile Include="GeometryBuilder.cpp">
      <Filter>Graphics\API\Core</Filter>
    </ClCompile>
    <ClCompile Include="Timer.cpp">
      <Filter>Common</Filter>
    </ClCompile>
    <ClCompile Include="StringUtils.cpp">
      <Filter>Common</Filter>
    </ClCompile>
    <ClCompile Include="Random.cpp">
      <Filter>Common</Filter>
    </ClCompile>
    <ClCompile Include="ColorUtils.cpp">
      <Filter>Common</Filter>
    </ClCompile>
    <ClCompile Include="AudioBuffer.cpp">
      <Filter>Audio\Processing</Filter>
    </ClCompile>
    <ClCompile Include="GainNormalizer.cpp">
      <Filter>Audio\Processing</Filter>
    </ClCompile>
  </ItemGroup>
  <ItemGroup>
    <ClInclude Include="ControllerCore.h">
      <Filter>App</Filter>
    </ClInclude>
    <ClInclude Include="AudioCapture.h">
      <Filter>Audio\Capture</Filter>
    </ClInclude>
    <ClInclude Include="AudioCaptureEngine.h">
      <Filter>Audio\Capture</Filter>
    </ClInclude>
    <ClInclude Include="WASAPIHelper.h">
      <Filter>Audio\Capture</Filter>
    </ClInclude>
    <ClInclude Include="FFTProcessor.h">
      <Filter>Audio\Processing</Filter>
    </ClInclude>
    <ClInclude Include="FrequencyMapper.h">
      <Filter>Audio\Processing</Filter>
    </ClInclude>
    <ClInclude Include="SpectrumAnalyzer.h">
      <Filter>Audio\Processing</Filter>
    </ClInclude>
    <ClInclude Include="SpectrumPostProcessor.h">
      <Filter>Audio\Processing</Filter>
    </ClInclude>
    <ClInclude Include="AudioManager.h">
      <Filter>Audio</Filter>
    </ClInclude>
    <ClInclude Include="EventBus.h">
      <Filter>Common</Filter>
    </ClInclude>
    <ClInclude Include="Common.h">
      <Filter>Common</Filter>
    </ClInclude>
    <ClInclude Include="Types.h">
      <Filter>Common</Filter>
    </ClInclude>
    <ClInclude Include="BarsRenderer.h">
      <Filter>Graphics\Visualizers</Filter>
    </ClInclude>
    <ClInclude Include="CircularWaveRenderer.h">
      <Filter>Graphics\Visualizers</Filter>
    </ClInclude>
    <ClInclude Include="CubesRenderer.h">
      <Filter>Graphics\Visualizers</Filter>
    </ClInclude>
    <ClInclude Include="FireRenderer.h">
      <Filter>Graphics\Visualizers</Filter>
    </ClInclude>
    <ClInclude Include="LedPanelRenderer.h">
      <Filter>Graphics\Visualizers</Filter>
    </ClInclude>
    <ClInclude Include="WaveRenderer.h">
      <Filter>Graphics\Visualizers</Filter>
    </ClInclude>
    <ClInclude Include="IRenderer.h">
      <Filter>Graphics</Filter>
    </ClInclude>
    <ClInclude Include="RendererManager.h">
      <Filter>Graphics</Filter>
    </ClInclude>
    <ClInclude Include="InputManager.h">
      <Filter>Platform</Filter>
    </ClInclude>
    <ClInclude Include="MainWindow.h">
      <Filter>Platform</Filter>
    </ClInclude>
    <ClInclude Include="WindowHelper.h">
      <Filter>Platform</Filter>
    </ClInclude>
    <ClInclude Include="WindowManager.h">
      <Filter>Platform</Filter>
    </ClInclude>
    <ClInclude Include="ColorPicker.h">
      <Filter>UI</Filter>
    </ClInclude>
    <ClInclude Include="UIManager.h">
      <Filter>UI</Filter>
    </ClInclude>
    <ClInclude Include="RealtimeAudioSource.h">
      <Filter>Audio\Sources</Filter>
    </ClInclude>
    <ClInclude Include="IAudioSource.h">
      <Filter>Audio\Sources</Filter>
    </ClInclude>
    <ClInclude Include="AnimatedAudioSource.h">
      <Filter>Audio\Sources</Filter>
    </ClInclude>
    <ClInclude Include="BaseRenderer.h">
      <Filter>Graphics\Base</Filter>
    </ClInclude>
    <ClInclude Include="RenderUtils.h">
      <Filter>Graphics\Base</Filter>
    </ClInclude>
    <ClInclude Include="GaugeRenderer.h">
      <Filter>Graphics\Visualizers</Filter>
    </ClInclude>
    <ClInclude Include="KenwoodBarsRenderer.h">
      <Filter>Graphics\Visualizers</Filter>
    </ClInclude>
    <ClInclude Include="SpectrumTypes.h">
      <Filter>Common</Filter>
    </ClInclude>
    <ClInclude Include="ResourceCache.h">
      <Filter>Graphics\API\Core</Filter>
    </ClInclude>
    <ClInclude Include="GraphicsContext.h">
      <Filter>Graphics\API\Core</Filter>
    </ClInclude>
    <ClInclude Include="TransformManager.h">
      <Filter>Graphics\API\Core</Filter>
    </ClInclude>
    <ClInclude Include="GradientRenderer.h">
      <Filter>Graphics\API\Renderers</Filter>
    </ClInclude>
    <ClInclude Include="PrimitiveRenderer.h">
      <Filter>Graphics\API\Renderers</Filter>
    </ClInclude>
    <ClInclude Include="SpectrumRenderer.h">
      <Filter>Graphics\API\Renderers</Filter>
    </ClInclude>
    <ClInclude Include="TextRenderer.h">
      <Filter>Graphics\API\Renderers</Filter>
    </ClInclude>
    <ClInclude Include="EffectsRenderer.h">
      <Filter>Graphics\API\Renderers</Filter>
    </ClInclude>
    <ClInclude Include="GeometryBuilder.h">
      <Filter>Graphics\API\Core</Filter>
    </ClInclude>
    <ClInclude Include="Resource.h">
      <Filter>Resources</Filter>
    </ClInclude>
    <ClInclude Include="Timer.h">
      <Filter>Common</Filter>
    </ClInclude>
    <ClInclude Include="TemplateUtils.h">
      <Filter>Common</Filter>
    </ClInclude>
    <ClInclude Include="StringUtils.h">
      <Filter>Common</Filter>
    </ClInclude>
    <ClInclude Include="Random.h">
      <Filter>Common</Filter>
    </ClInclude>
    <ClInclude Include="PlatformUtils.h">
      <Filter>Common</Filter>
    </ClInclude>
    <ClInclude Include="MathUtils.h">
      <Filter>Common</Filter>
    </ClInclude>
    <ClInclude Include="ColorUtils.h">
      <Filter>Common</Filter>
    </ClInclude>
    <ClInclude Include="AudioBuffer.h">
      <Filter>Audio\Processing</Filter>
    </ClInclude>
    <ClInclude Include="GainNormalizer.h">
      <Filter>Audio\Processing</Filter>
    </ClInclude>
  </ItemGroup>
  <ItemGroup>
    <Text Include="CMakeLists.txt">
      <Filter>Project Files</Filter>
    </Text>
  </ItemGroup>
  <ItemGroup>
    <ResourceCompile Include="resource.rc.in">
      <Filter>Resources</Filter>
    </ResourceCompile>
  </ItemGroup>
  <ItemGroup>
    <Image Include="app.ico">
      <Filter>Resources</Filter>
    </Image>
  </ItemGroup>
</Project>